// !$*UTF8*$!
{
	archiveVersion = 1;
	classes = {
	};
	objectVersion = 55;
	objects = {

/* Begin PBXBuildFile section */
		D5F0F26C2818E71500C30543 /* AppDelegate.swift in Sources */ = {isa = PBXBuildFile; fileRef = D5F0F26B2818E71500C30543 /* AppDelegate.swift */; };
		D5F0F26E2818E71500C30543 /* SceneDelegate.swift in Sources */ = {isa = PBXBuildFile; fileRef = D5F0F26D2818E71500C30543 /* SceneDelegate.swift */; };
		D5F0F2702818E71500C30543 /* HomeViewController.swift in Sources */ = {isa = PBXBuildFile; fileRef = D5F0F26F2818E71500C30543 /* HomeViewController.swift */; };
		D5F0F2752818E71A00C30543 /* Assets.xcassets in Resources */ = {isa = PBXBuildFile; fileRef = D5F0F2742818E71A00C30543 /* Assets.xcassets */; };
		D5F0F2782818E71A00C30543 /* LaunchScreen.storyboard in Resources */ = {isa = PBXBuildFile; fileRef = D5F0F2762818E71A00C30543 /* LaunchScreen.storyboard */; };
		D5F0F2842818E7A500C30543 /* HomeCoodinator.swift in Sources */ = {isa = PBXBuildFile; fileRef = D5F0F2832818E7A500C30543 /* HomeCoodinator.swift */; };
		D5F0F2862818E7BE00C30543 /* HomeViewCoordinator.swift in Sources */ = {isa = PBXBuildFile; fileRef = D5F0F2852818E7BE00C30543 /* HomeViewCoordinator.swift */; };
		D5F0F2882818E7D300C30543 /* HomeNetworkCoordinator.swift in Sources */ = {isa = PBXBuildFile; fileRef = D5F0F2872818E7D300C30543 /* HomeNetworkCoordinator.swift */; };
		D5F0F28A2818E84000C30543 /* MainCoordinator.swift in Sources */ = {isa = PBXBuildFile; fileRef = D5F0F2892818E84000C30543 /* MainCoordinator.swift */; };
		D5F0F28D2818EEB500C30543 /* UserProfileViewContrller.swift in Sources */ = {isa = PBXBuildFile; fileRef = D5F0F28C2818EEB500C30543 /* UserProfileViewContrller.swift */; };
		D5F0F2902818EEE100C30543 /* UserProfileCoordinator.swift in Sources */ = {isa = PBXBuildFile; fileRef = D5F0F28F2818EEE100C30543 /* UserProfileCoordinator.swift */; };
		D5F0F2922818EF6100C30543 /* UserProfileViewCoodinator.swift in Sources */ = {isa = PBXBuildFile; fileRef = D5F0F2912818EF6100C30543 /* UserProfileViewCoodinator.swift */; };
		D5F0F2942818EFFF00C30543 /* UserProfileNetworkCoodinator.swift in Sources */ = {isa = PBXBuildFile; fileRef = D5F0F2932818EFFF00C30543 /* UserProfileNetworkCoodinator.swift */; };
/* End PBXBuildFile section */

/* Begin PBXFileReference section */
		D5F0F2682818E71500C30543 /* Coordinator Demo.app */ = {isa = PBXFileReference; explicitFileType = wrapper.application; includeInIndex = 0; path = "Coordinator Demo.app"; sourceTree = BUILT_PRODUCTS_DIR; };
		D5F0F26B2818E71500C30543 /* AppDelegate.swift */ = {isa = PBXFileReference; lastKnownFileType = sourcecode.swift; path = AppDelegate.swift; sourceTree = "<group>"; };
		D5F0F26D2818E71500C30543 /* SceneDelegate.swift */ = {isa = PBXFileReference; lastKnownFileType = sourcecode.swift; path = SceneDelegate.swift; sourceTree = "<group>"; };
		D5F0F26F2818E71500C30543 /* HomeViewController.swift */ = {isa = PBXFileReference; lastKnownFileType = sourcecode.swift; path = HomeViewController.swift; sourceTree = "<group>"; };
		D5F0F2742818E71A00C30543 /* Assets.xcassets */ = {isa = PBXFileReference; lastKnownFileType = folder.assetcatalog; path = Assets.xcassets; sourceTree = "<group>"; };
		D5F0F2772818E71A00C30543 /* Base */ = {isa = PBXFileReference; lastKnownFileType = file.storyboard; name = Base; path = Base.lproj/LaunchScreen.storyboard; sourceTree = "<group>"; };
		D5F0F2792818E71A00C30543 /* Info.plist */ = {isa = PBXFileReference; lastKnownFileType = text.plist.xml; path = Info.plist; sourceTree = "<group>"; };
		D5F0F2832818E7A500C30543 /* HomeCoodinator.swift */ = {isa = PBXFileReference; lastKnownFileType = sourcecode.swift; path = HomeCoodinator.swift; sourceTree = "<group>"; };
		D5F0F2852818E7BE00C30543 /* HomeViewCoordinator.swift */ = {isa = PBXFileReference; lastKnownFileType = sourcecode.swift; path = HomeViewCoordinator.swift; sourceTree = "<group>"; };
		D5F0F2872818E7D300C30543 /* HomeNetworkCoordinator.swift */ = {isa = PBXFileReference; lastKnownFileType = sourcecode.swift; path = HomeNetworkCoordinator.swift; sourceTree = "<group>"; };
		D5F0F2892818E84000C30543 /* MainCoordinator.swift */ = {isa = PBXFileReference; lastKnownFileType = sourcecode.swift; path = MainCoordinator.swift; sourceTree = "<group>"; };
		D5F0F28C2818EEB500C30543 /* UserProfileViewContrller.swift */ = {isa = PBXFileReference; lastKnownFileType = sourcecode.swift; path = UserProfileViewContrller.swift; sourceTree = "<group>"; };
		D5F0F28F2818EEE100C30543 /* UserProfileCoordinator.swift */ = {isa = PBXFileReference; lastKnownFileType = sourcecode.swift; path = UserProfileCoordinator.swift; sourceTree = "<group>"; };
		D5F0F2912818EF6100C30543 /* UserProfileViewCoodinator.swift */ = {isa = PBXFileReference; lastKnownFileType = sourcecode.swift; path = UserProfileViewCoodinator.swift; sourceTree = "<group>"; };
		D5F0F2932818EFFF00C30543 /* UserProfileNetworkCoodinator.swift */ = {isa = PBXFileReference; lastKnownFileType = sourcecode.swift; path = UserProfileNetworkCoodinator.swift; sourceTree = "<group>"; };
/* End PBXFileReference section */

/* Begin PBXFrameworksBuildPhase section */
		D5F0F2652818E71500C30543 /* Frameworks */ = {
			isa = PBXFrameworksBuildPhase;
			buildActionMask = 2147483647;
			files = (
			);
			runOnlyForDeploymentPostprocessing = 0;
		};
/* End PBXFrameworksBuildPhase section */

/* Begin PBXGroup section */
		D5F0F25F2818E71500C30543 = {
			isa = PBXGroup;
			children = (
				D5F0F26A2818E71500C30543 /* Coordinator Demo */,
				D5F0F2692818E71500C30543 /* Products */,
			);
			sourceTree = "<group>";
		};
		D5F0F2692818E71500C30543 /* Products */ = {
			isa = PBXGroup;
			children = (
				D5F0F2682818E71500C30543 /* Coordinator Demo.app */,
			);
			name = Products;
			sourceTree = "<group>";
		};
		D5F0F26A2818E71500C30543 /* Coordinator Demo */ = {
			isa = PBXGroup;
			children = (
				D5F0F26B2818E71500C30543 /* AppDelegate.swift */,
				D5F0F26D2818E71500C30543 /* SceneDelegate.swift */,
				D5F0F2802818E75300C30543 /* Screens */,
				D5F0F27F2818E74700C30543 /* Coordinators */,
				D5F0F2742818E71A00C30543 /* Assets.xcassets */,
				D5F0F2762818E71A00C30543 /* LaunchScreen.storyboard */,
				D5F0F2792818E71A00C30543 /* Info.plist */,
			);
			path = "Coordinator Demo";
			sourceTree = "<group>";
		};
		D5F0F27F2818E74700C30543 /* Coordinators */ = {
			isa = PBXGroup;
			children = (
				D5F0F2892818E84000C30543 /* MainCoordinator.swift */,
			);
			path = Coordinators;
			sourceTree = "<group>";
		};
		D5F0F2802818E75300C30543 /* Screens */ = {
			isa = PBXGroup;
			children = (
				D5F0F2812818E76E00C30543 /* Home */,
				D5F0F28B2818EEA000C30543 /* UserProfile */,
			);
			path = Screens;
			sourceTree = "<group>";
		};
		D5F0F2812818E76E00C30543 /* Home */ = {
			isa = PBXGroup;
			children = (
				D5F0F26F2818E71500C30543 /* HomeViewController.swift */,
				D5F0F2822818E78F00C30543 /* Coodinators */,
			);
			path = Home;
			sourceTree = "<group>";
		};
		D5F0F2822818E78F00C30543 /* Coodinators */ = {
			isa = PBXGroup;
			children = (
				D5F0F2832818E7A500C30543 /* HomeCoodinator.swift */,
				D5F0F2852818E7BE00C30543 /* HomeViewCoordinator.swift */,
				D5F0F2872818E7D300C30543 /* HomeNetworkCoordinator.swift */,
			);
			path = Coodinators;
			sourceTree = "<group>";
		};
		D5F0F28B2818EEA000C30543 /* UserProfile */ = {
			isa = PBXGroup;
			children = (
				D5F0F28C2818EEB500C30543 /* UserProfileViewContrller.swift */,
				D5F0F28E2818EECE00C30543 /* Coordinators */,
			);
			path = UserProfile;
			sourceTree = "<group>";
		};
		D5F0F28E2818EECE00C30543 /* Coordinators */ = {
			isa = PBXGroup;
			children = (
				D5F0F28F2818EEE100C30543 /* UserProfileCoordinator.swift */,
				D5F0F2912818EF6100C30543 /* UserProfileViewCoodinator.swift */,
				D5F0F2932818EFFF00C30543 /* UserProfileNetworkCoodinator.swift */,
			);
			path = Coordinators;
			sourceTree = "<group>";
		};
/* End PBXGroup section */

/* Begin PBXNativeTarget section */
		D5F0F2672818E71500C30543 /* Coordinator Demo */ = {
			isa = PBXNativeTarget;
			buildConfigurationList = D5F0F27C2818E71A00C30543 /* Build configuration list for PBXNativeTarget "Coordinator Demo" */;
			buildPhases = (
				D5F0F2642818E71500C30543 /* Sources */,
				D5F0F2652818E71500C30543 /* Frameworks */,
				D5F0F2662818E71500C30543 /* Resources */,
			);
			buildRules = (
			);
			dependencies = (
			);
			name = "Coordinator Demo";
			productName = "Coordinator Demo";
			productReference = D5F0F2682818E71500C30543 /* Coordinator Demo.app */;
			productType = "com.apple.product-type.application";
		};
/* End PBXNativeTarget section */

/* Begin PBXProject section */
		D5F0F2602818E71500C30543 /* Project object */ = {
			isa = PBXProject;
			attributes = {
				BuildIndependentTargetsInParallel = 1;
				LastSwiftUpdateCheck = 1320;
				LastUpgradeCheck = 1320;
				TargetAttributes = {
					D5F0F2672818E71500C30543 = {
						CreatedOnToolsVersion = 13.2.1;
					};
				};
			};
			buildConfigurationList = D5F0F2632818E71500C30543 /* Build configuration list for PBXProject "Coordinator Demo" */;
			compatibilityVersion = "Xcode 13.0";
			developmentRegion = en;
			hasScannedForEncodings = 0;
			knownRegions = (
				en,
				Base,
			);
			mainGroup = D5F0F25F2818E71500C30543;
			productRefGroup = D5F0F2692818E71500C30543 /* Products */;
			projectDirPath = "";
			projectRoot = "";
			targets = (
				D5F0F2672818E71500C30543 /* Coordinator Demo */,
			);
		};
/* End PBXProject section */

/* Begin PBXResourcesBuildPhase section */
		D5F0F2662818E71500C30543 /* Resources */ = {
			isa = PBXResourcesBuildPhase;
			buildActionMask = 2147483647;
			files = (
				D5F0F2782818E71A00C30543 /* LaunchScreen.storyboard in Resources */,
				D5F0F2752818E71A00C30543 /* Assets.xcassets in Resources */,
			);
			runOnlyForDeploymentPostprocessing = 0;
		};
/* End PBXResourcesBuildPhase section */

/* Begin PBXSourcesBuildPhase section */
		D5F0F2642818E71500C30543 /* Sources */ = {
			isa = PBXSourcesBuildPhase;
			buildActionMask = 2147483647;
			files = (
				D5F0F2902818EEE100C30543 /* UserProfileCoordinator.swift in Sources */,
				D5F0F2862818E7BE00C30543 /* HomeViewCoordinator.swift in Sources */,
				D5F0F28D2818EEB500C30543 /* UserProfileViewContrller.swift in Sources */,
				D5F0F28A2818E84000C30543 /* MainCoordinator.swift in Sources */,
				D5F0F2882818E7D300C30543 /* HomeNetworkCoordinator.swift in Sources */,
				D5F0F2922818EF6100C30543 /* UserProfileViewCoodinator.swift in Sources */,
				D5F0F2702818E71500C30543 /* HomeViewController.swift in Sources */,
				D5F0F2942818EFFF00C30543 /* UserProfileNetworkCoodinator.swift in Sources */,
				D5F0F26C2818E71500C30543 /* AppDelegate.swift in Sources */,
				D5F0F2842818E7A500C30543 /* HomeCoodinator.swift in Sources */,
				D5F0F26E2818E71500C30543 /* SceneDelegate.swift in Sources */,
			);
			runOnlyForDeploymentPostprocessing = 0;
		};
/* End PBXSourcesBuildPhase section */

/* Begin PBXVariantGroup section */
		D5F0F2762818E71A00C30543 /* LaunchScreen.storyboard */ = {
			isa = PBXVariantGroup;
			children = (
				D5F0F2772818E71A00C30543 /* Base */,
			);
			name = LaunchScreen.storyboard;
			sourceTree = "<group>";
		};
/* End PBXVariantGroup section */

/* Begin XCBuildConfiguration section */
		D5F0F27A2818E71A00C30543 /* Debug */ = {
			isa = XCBuildConfiguration;
			buildSettings = {
				ALWAYS_SEARCH_USER_PATHS = NO;
				CLANG_ANALYZER_NONNULL = YES;
				CLANG_ANALYZER_NUMBER_OBJECT_CONVERSION = YES_AGGRESSIVE;
				CLANG_CXX_LANGUAGE_STANDARD = "gnu++17";
				CLANG_CXX_LIBRARY = "libc++";
				CLANG_ENABLE_MODULES = YES;
				CLANG_ENABLE_OBJC_ARC = YES;
				CLANG_ENABLE_OBJC_WEAK = YES;
				CLANG_WARN_BLOCK_CAPTURE_AUTORELEASING = YES;
				CLANG_WARN_BOOL_CONVERSION = YES;
				CLANG_WARN_COMMA = YES;
				CLANG_WARN_CONSTANT_CONVERSION = YES;
				CLANG_WARN_DEPRECATED_OBJC_IMPLEMENTATIONS = YES;
				CLANG_WARN_DIRECT_OBJC_ISA_USAGE = YES_ERROR;
				CLANG_WARN_DOCUMENTATION_COMMENTS = YES;
				CLANG_WARN_EMPTY_BODY = YES;
				CLANG_WARN_ENUM_CONVERSION = YES;
				CLANG_WARN_INFINITE_RECURSION = YES;
				CLANG_WARN_INT_CONVERSION = YES;
				CLANG_WARN_NON_LITERAL_NULL_CONVERSION = YES;
				CLANG_WARN_OBJC_IMPLICIT_RETAIN_SELF = YES;
				CLANG_WARN_OBJC_LITERAL_CONVERSION = YES;
				CLANG_WARN_OBJC_ROOT_CLASS = YES_ERROR;
				CLANG_WARN_QUOTED_INCLUDE_IN_FRAMEWORK_HEADER = YES;
				CLANG_WARN_RANGE_LOOP_ANALYSIS = YES;
				CLANG_WARN_STRICT_PROTOTYPES = YES;
				CLANG_WARN_SUSPICIOUS_MOVE = YES;
				CLANG_WARN_UNGUARDED_AVAILABILITY = YES_AGGRESSIVE;
				CLANG_WARN_UNREACHABLE_CODE = YES;
				CLANG_WARN__DUPLICATE_METHOD_MATCH = YES;
				COPY_PHASE_STRIP = NO;
				DEBUG_INFORMATION_FORMAT = dwarf;
				ENABLE_STRICT_OBJC_MSGSEND = YES;
				ENABLE_TESTABILITY = YES;
				GCC_C_LANGUAGE_STANDARD = gnu11;
				GCC_DYNAMIC_NO_PIC = NO;
				GCC_NO_COMMON_BLOCKS = YES;
				GCC_OPTIMIZATION_LEVEL = 0;
				GCC_PREPROCESSOR_DEFINITIONS = (
					"DEBUG=1",
					"$(inherited)",
				);
				GCC_WARN_64_TO_32_BIT_CONVERSION = YES;
				GCC_WARN_ABOUT_RETURN_TYPE = YES_ERROR;
				GCC_WARN_UNDECLARED_SELECTOR = YES;
				GCC_WARN_UNINITIALIZED_AUTOS = YES_AGGRESSIVE;
				GCC_WARN_UNUSED_FUNCTION = YES;
				GCC_WARN_UNUSED_VARIABLE = YES;
				IPHONEOS_DEPLOYMENT_TARGET = 15.2;
				MTL_ENABLE_DEBUG_INFO = INCLUDE_SOURCE;
				MTL_FAST_MATH = YES;
				ONLY_ACTIVE_ARCH = YES;
				SDKROOT = iphoneos;
				SWIFT_ACTIVE_COMPILATION_CONDITIONS = DEBUG;
				SWIFT_OPTIMIZATION_LEVEL = "-Onone";
			};
			name = Debug;
		};
		D5F0F27B2818E71A00C30543 /* Release */ = {
			isa = XCBuildConfiguration;
			buildSettings = {
				ALWAYS_SEARCH_USER_PATHS = NO;
				CLANG_ANALYZER_NONNULL = YES;
				CLANG_ANALYZER_NUMBER_OBJECT_CONVERSION = YES_AGGRESSIVE;
				CLANG_CXX_LANGUAGE_STANDARD = "gnu++17";
				CLANG_CXX_LIBRARY = "libc++";
				CLANG_ENABLE_MODULES = YES;
				CLANG_ENABLE_OBJC_ARC = YES;
				CLANG_ENABLE_OBJC_WEAK = YES;
				CLANG_WARN_BLOCK_CAPTURE_AUTORELEASING = YES;
				CLANG_WARN_BOOL_CONVERSION = YES;
				CLANG_WARN_COMMA = YES;
				CLANG_WARN_CONSTANT_CONVERSION = YES;
				CLANG_WARN_DEPRECATED_OBJC_IMPLEMENTATIONS = YES;
				CLANG_WARN_DIRECT_OBJC_ISA_USAGE = YES_ERROR;
				CLANG_WARN_DOCUMENTATION_COMMENTS = YES;
				CLANG_WARN_EMPTY_BODY = YES;
				CLANG_WARN_ENUM_CONVERSION = YES;
				CLANG_WARN_INFINITE_RECURSION = YES;
				CLANG_WARN_INT_CONVERSION = YES;
				CLANG_WARN_NON_LITERAL_NULL_CONVERSION = YES;
				CLANG_WARN_OBJC_IMPLICIT_RETAIN_SELF = YES;
				CLANG_WARN_OBJC_LITERAL_CONVERSION = YES;
				CLANG_WARN_OBJC_ROOT_CLASS = YES_ERROR;
				CLANG_WARN_QUOTED_INCLUDE_IN_FRAMEWORK_HEADER = YES;
				CLANG_WARN_RANGE_LOOP_ANALYSIS = YES;
				CLANG_WARN_STRICT_PROTOTYPES = YES;
				CLANG_WARN_SUSPICIOUS_MOVE = YES;
				CLANG_WARN_UNGUARDED_AVAILABILITY = YES_AGGRESSIVE;
				CLANG_WARN_UNREACHABLE_CODE = YES;
				CLANG_WARN__DUPLICATE_METHOD_MATCH = YES;
				COPY_PHASE_STRIP = NO;
				DEBUG_INFORMATION_FORMAT = "dwarf-with-dsym";
				ENABLE_NS_ASSERTIONS = NO;
				ENABLE_STRICT_OBJC_MSGSEND = YES;
				GCC_C_LANGUAGE_STANDARD = gnu11;
				GCC_NO_COMMON_BLOCKS = YES;
				GCC_WARN_64_TO_32_BIT_CONVERSION = YES;
				GCC_WARN_ABOUT_RETURN_TYPE = YES_ERROR;
				GCC_WARN_UNDECLARED_SELECTOR = YES;
				GCC_WARN_UNINITIALIZED_AUTOS = YES_AGGRESSIVE;
				GCC_WARN_UNUSED_FUNCTION = YES;
				GCC_WARN_UNUSED_VARIABLE = YES;
				IPHONEOS_DEPLOYMENT_TARGET = 15.2;
				MTL_ENABLE_DEBUG_INFO = NO;
				MTL_FAST_MATH = YES;
				SDKROOT = iphoneos;
				SWIFT_COMPILATION_MODE = wholemodule;
				SWIFT_OPTIMIZATION_LEVEL = "-O";
				VALIDATE_PRODUCT = YES;
			};
			name = Release;
		};
		D5F0F27D2818E71A00C30543 /* Debug */ = {
			isa = XCBuildConfiguration;
			buildSettings = {
				ASSETCATALOG_COMPILER_APPICON_NAME = AppIcon;
				ASSETCATALOG_COMPILER_GLOBAL_ACCENT_COLOR_NAME = AccentColor;
				CODE_SIGN_STYLE = Automatic;
				CURRENT_PROJECT_VERSION = 1;
				DEVELOPMENT_TEAM = V6L8824G93;
				GENERATE_INFOPLIST_FILE = YES;
				INFOPLIST_FILE = "Coordinator Demo/Info.plist";
				INFOPLIST_KEY_UIApplicationSupportsIndirectInputEvents = YES;
				INFOPLIST_KEY_UILaunchStoryboardName = LaunchScreen;
				INFOPLIST_KEY_UISupportedInterfaceOrientations_iPad = "UIInterfaceOrientationPortrait UIInterfaceOrientationPortraitUpsideDown UIInterfaceOrientationLandscapeLeft UIInterfaceOrientationLandscapeRight";
				INFOPLIST_KEY_UISupportedInterfaceOrientations_iPhone = "UIInterfaceOrientationPortrait UIInterfaceOrientationLandscapeLeft UIInterfaceOrientationLandscapeRight";
				LD_RUNPATH_SEARCH_PATHS = (
					"$(inherited)",
					"@executable_path/Frameworks",
				);
				MARKETING_VERSION = 1.0;
				PRODUCT_BUNDLE_IDENTIFIER = "Dylan-Chen.Coordinator-Demo";
				PRODUCT_NAME = "$(TARGET_NAME)";
				SWIFT_EMIT_LOC_STRINGS = YES;
				SWIFT_VERSION = 5.0;
				TARGETED_DEVICE_FAMILY = "1,2";
			};
			name = Debug;
		};
		D5F0F27E2818E71A00C30543 /* Release */ = {
			isa = XCBuildConfiguration;
			buildSettings = {
				ASSETCATALOG_COMPILER_APPICON_NAME = AppIcon;
				ASSETCATALOG_COMPILER_GLOBAL_ACCENT_COLOR_NAME = AccentColor;
				CODE_SIGN_STYLE = Automatic;
				CURRENT_PROJECT_VERSION = 1;
				DEVELOPMENT_TEAM = V6L8824G93;
				GENERATE_INFOPLIST_FILE = YES;
				INFOPLIST_FILE = "Coordinator Demo/Info.plist";
				INFOPLIST_KEY_UIApplicationSupportsIndirectInputEvents = YES;
				INFOPLIST_KEY_UILaunchStoryboardName = LaunchScreen;
				INFOPLIST_KEY_UISupportedInterfaceOrientations_iPad = "UIInterfaceOrientationPortrait UIInterfaceOrientationPortraitUpsideDown UIInterfaceOrientationLandscapeLeft UIInterfaceOrientationLandscapeRight";
				INFOPLIST_KEY_UISupportedInterfaceOrientations_iPhone = "UIInterfaceOrientationPortrait UIInterfaceOrientationLandscapeLeft UIInterfaceOrientationLandscapeRight";
				LD_RUNPATH_SEARCH_PATHS = (
					"$(inherited)",
					"@executable_path/Frameworks",
				);
				MARKETING_VERSION = 1.0;
				PRODUCT_BUNDLE_IDENTIFIER = "Dylan-Chen.Coordinator-Demo";
				PRODUCT_NAME = "$(TARGET_NAME)";
				SWIFT_EMIT_LOC_STRINGS = YES;
				SWIFT_VERSION = 5.0;
				TARGETED_DEVICE_FAMILY = "1,2";
			};
			name = Release;
		};
/* End XCBuildConfiguration section */

/* Begin XCConfigurationList section */
		D5F0F2632818E71500C30543 /* Build configuration list for PBXProject "Coordinator Demo" */ = {
			isa = XCConfigurationList;
			buildConfigurations = (
				D5F0F27A2818E71A00C30543 /* Debug */,
				D5F0F27B2818E71A00C30543 /* Release */,
			);
			defaultConfigurationIsVisible = 0;
			defaultConfigurationName = Release;
		};
		D5F0F27C2818E71A00C30543 /* Build configuration list for PBXNativeTarget "Coordinator Demo" */ = {
			isa = XCConfigurationList;
			buildConfigurations = (
				D5F0F27D2818E71A00C30543 /* Debug */,
				D5F0F27E2818E71A00C30543 /* Release */,
			);
			defaultConfigurationIsVisible = 0;
			defaultConfigurationName = Release;
		};
/* End XCConfigurationList section */
	};
	rootObject = D5F0F2602818E71500C30543 /* Project object */;
}
